{
    "_meta": {
        "hash": {
            "sha256": "54542deba67bc5684585de403450f334d61611d2067777f2abc81aae6951b92c"
        },
        "pipfile-spec": 6,
        "requires": {
            "python_version": "3.10"
        },
        "sources": [
            {
                "name": "pypi",
                "url": "https://pypi.org/simple",
                "verify_ssl": true
            }
        ]
    },
    "default": {
        "buildozer": {
            "hashes": [
                "sha256:987cc4363c4834893bbf1c32547b8afd953a16b92d788a654ca5f89ba197d9ea",
                "sha256:ec685a53f88789607a43e629f9e25992c9be8824518b00d77ce3092ff7deca75"
            ],
            "index": "pypi",
            "version": "==1.5.0"
        },
        "certifi": {
            "hashes": [
                "sha256:539cc1d13202e33ca466e88b2807e29f4c13049d6d87031a3c110744495cb082",
                "sha256:92d6037539857d8206b8f6ae472e8b77db8058fec5937a1ef3f54304089edbb9"
            ],
            "index": "pypi",
            "version": "==2023.7.22"
        },
        "charset-normalizer": {
            "hashes": [
                "sha256:04e57ab9fbf9607b77f7d057974694b4f6b142da9ed4a199859d9d4d5c63fe96",
                "sha256:09393e1b2a9461950b1c9a45d5fd251dc7c6f228acab64da1c9c0165d9c7765c",
                "sha256:0b87549028f680ca955556e3bd57013ab47474c3124dc069faa0b6545b6c9710",
                "sha256:1000fba1057b92a65daec275aec30586c3de2401ccdcd41f8a5c1e2c87078706",
                "sha256:1249cbbf3d3b04902ff081ffbb33ce3377fa6e4c7356f759f3cd076cc138d020",
                "sha256:1920d4ff15ce893210c1f0c0e9d19bfbecb7983c76b33f046c13a8ffbd570252",
                "sha256:193cbc708ea3aca45e7221ae58f0fd63f933753a9bfb498a3b474878f12caaad",
                "sha256:1a100c6d595a7f316f1b6f01d20815d916e75ff98c27a01ae817439ea7726329",
                "sha256:1f30b48dd7fa1474554b0b0f3fdfdd4c13b5c737a3c6284d3cdc424ec0ffff3a",
                "sha256:203f0c8871d5a7987be20c72442488a0b8cfd0f43b7973771640fc593f56321f",
                "sha256:246de67b99b6851627d945db38147d1b209a899311b1305dd84916f2b88526c6",
                "sha256:2dee8e57f052ef5353cf608e0b4c871aee320dd1b87d351c28764fc0ca55f9f4",
                "sha256:2efb1bd13885392adfda4614c33d3b68dee4921fd0ac1d3988f8cbb7d589e72a",
                "sha256:2f4ac36d8e2b4cc1aa71df3dd84ff8efbe3bfb97ac41242fbcfc053c67434f46",
                "sha256:3170c9399da12c9dc66366e9d14da8bf7147e1e9d9ea566067bbce7bb74bd9c2",
                "sha256:3b1613dd5aee995ec6d4c69f00378bbd07614702a315a2cf6c1d21461fe17c23",
                "sha256:3bb3d25a8e6c0aedd251753a79ae98a093c7e7b471faa3aa9a93a81431987ace",
                "sha256:3bb7fda7260735efe66d5107fb7e6af6a7c04c7fce9b2514e04b7a74b06bf5dd",
                "sha256:41b25eaa7d15909cf3ac4c96088c1f266a9a93ec44f87f1d13d4a0e86c81b982",
                "sha256:45de3f87179c1823e6d9e32156fb14c1927fcc9aba21433f088fdfb555b77c10",
                "sha256:46fb8c61d794b78ec7134a715a3e564aafc8f6b5e338417cb19fe9f57a5a9bf2",
                "sha256:48021783bdf96e3d6de03a6e39a1171ed5bd7e8bb93fc84cc649d11490f87cea",
                "sha256:4957669ef390f0e6719db3613ab3a7631e68424604a7b448f079bee145da6e09",
                "sha256:5e86d77b090dbddbe78867a0275cb4df08ea195e660f1f7f13435a4649e954e5",
                "sha256:6339d047dab2780cc6220f46306628e04d9750f02f983ddb37439ca47ced7149",
                "sha256:681eb3d7e02e3c3655d1b16059fbfb605ac464c834a0c629048a30fad2b27489",
                "sha256:6c409c0deba34f147f77efaa67b8e4bb83d2f11c8806405f76397ae5b8c0d1c9",
                "sha256:7095f6fbfaa55defb6b733cfeb14efaae7a29f0b59d8cf213be4e7ca0b857b80",
                "sha256:70c610f6cbe4b9fce272c407dd9d07e33e6bf7b4aa1b7ffb6f6ded8e634e3592",
                "sha256:72814c01533f51d68702802d74f77ea026b5ec52793c791e2da806a3844a46c3",
                "sha256:7a4826ad2bd6b07ca615c74ab91f32f6c96d08f6fcc3902ceeedaec8cdc3bcd6",
                "sha256:7c70087bfee18a42b4040bb9ec1ca15a08242cf5867c58726530bdf3945672ed",
                "sha256:855eafa5d5a2034b4621c74925d89c5efef61418570e5ef9b37717d9c796419c",
                "sha256:8700f06d0ce6f128de3ccdbc1acaea1ee264d2caa9ca05daaf492fde7c2a7200",
                "sha256:89f1b185a01fe560bc8ae5f619e924407efca2191b56ce749ec84982fc59a32a",
                "sha256:8b2c760cfc7042b27ebdb4a43a4453bd829a5742503599144d54a032c5dc7e9e",
                "sha256:8c2f5e83493748286002f9369f3e6607c565a6a90425a3a1fef5ae32a36d749d",
                "sha256:8e098148dd37b4ce3baca71fb394c81dc5d9c7728c95df695d2dca218edf40e6",
                "sha256:94aea8eff76ee6d1cdacb07dd2123a68283cb5569e0250feab1240058f53b623",
                "sha256:95eb302ff792e12aba9a8b8f8474ab229a83c103d74a750ec0bd1c1eea32e669",
                "sha256:9bd9b3b31adcb054116447ea22caa61a285d92e94d710aa5ec97992ff5eb7cf3",
                "sha256:9e608aafdb55eb9f255034709e20d5a83b6d60c054df0802fa9c9883d0a937aa",
                "sha256:a103b3a7069b62f5d4890ae1b8f0597618f628b286b03d4bc9195230b154bfa9",
                "sha256:a386ebe437176aab38c041de1260cd3ea459c6ce5263594399880bbc398225b2",
                "sha256:a38856a971c602f98472050165cea2cdc97709240373041b69030be15047691f",
                "sha256:a401b4598e5d3f4a9a811f3daf42ee2291790c7f9d74b18d75d6e21dda98a1a1",
                "sha256:a7647ebdfb9682b7bb97e2a5e7cb6ae735b1c25008a70b906aecca294ee96cf4",
                "sha256:aaf63899c94de41fe3cf934601b0f7ccb6b428c6e4eeb80da72c58eab077b19a",
                "sha256:b0dac0ff919ba34d4df1b6131f59ce95b08b9065233446be7e459f95554c0dc8",
                "sha256:baacc6aee0b2ef6f3d308e197b5d7a81c0e70b06beae1f1fcacffdbd124fe0e3",
                "sha256:bf420121d4c8dce6b889f0e8e4ec0ca34b7f40186203f06a946fa0276ba54029",
                "sha256:c04a46716adde8d927adb9457bbe39cf473e1e2c2f5d0a16ceb837e5d841ad4f",
                "sha256:c0b21078a4b56965e2b12f247467b234734491897e99c1d51cee628da9786959",
                "sha256:c1c76a1743432b4b60ab3358c937a3fe1341c828ae6194108a94c69028247f22",
                "sha256:c4983bf937209c57240cff65906b18bb35e64ae872da6a0db937d7b4af845dd7",
                "sha256:c4fb39a81950ec280984b3a44f5bd12819953dc5fa3a7e6fa7a80db5ee853952",
                "sha256:c57921cda3a80d0f2b8aec7e25c8aa14479ea92b5b51b6876d975d925a2ea346",
                "sha256:c8063cf17b19661471ecbdb3df1c84f24ad2e389e326ccaf89e3fb2484d8dd7e",
                "sha256:ccd16eb18a849fd8dcb23e23380e2f0a354e8daa0c984b8a732d9cfaba3a776d",
                "sha256:cd6dbe0238f7743d0efe563ab46294f54f9bc8f4b9bcf57c3c666cc5bc9d1299",
                "sha256:d62e51710986674142526ab9f78663ca2b0726066ae26b78b22e0f5e571238dd",
                "sha256:db901e2ac34c931d73054d9797383d0f8009991e723dab15109740a63e7f902a",
                "sha256:e03b8895a6990c9ab2cdcd0f2fe44088ca1c65ae592b8f795c3294af00a461c3",
                "sha256:e1c8a2f4c69e08e89632defbfabec2feb8a8d99edc9f89ce33c4b9e36ab63037",
                "sha256:e4b749b9cc6ee664a3300bb3a273c1ca8068c46be705b6c31cf5d276f8628a94",
                "sha256:e6a5bf2cba5ae1bb80b154ed68a3cfa2fa00fde979a7f50d6598d3e17d9ac20c",
                "sha256:e857a2232ba53ae940d3456f7533ce6ca98b81917d47adc3c7fd55dad8fab858",
                "sha256:ee4006268ed33370957f55bf2e6f4d263eaf4dc3cfc473d1d90baff6ed36ce4a",
                "sha256:eef9df1eefada2c09a5e7a40991b9fc6ac6ef20b1372abd48d2794a316dc0449",
                "sha256:f058f6963fd82eb143c692cecdc89e075fa0828db2e5b291070485390b2f1c9c",
                "sha256:f25c229a6ba38a35ae6e25ca1264621cc25d4d38dca2942a7fce0b67a4efe918",
                "sha256:f2a1d0fd4242bd8643ce6f98927cf9c04540af6efa92323e9d3124f57727bfc1",
                "sha256:f7560358a6811e52e9c4d142d497f1a6e10103d3a6881f18d04dbce3729c0e2c",
                "sha256:f779d3ad205f108d14e99bb3859aa7dd8e9c68874617c72354d7ecaec2a054ac",
                "sha256:f87f746ee241d30d6ed93969de31e5ffd09a2961a051e60ae6bddde9ec3583aa"
            ],
            "markers": "python_version >= '3.7'",
            "version": "==3.2.0"
        },
        "cython": {
            "hashes": [
                "sha256:06db81b1a01858fcc406616f8528e686ffb6cf7c3d78fb83767832bfecea8ad8",
                "sha256:06fcb4628ccce2ba5abc8630adbeaf4016f63a359b4c6c3827b2d80e0673981c",
                "sha256:090256c687106932339f87f888b95f0d69c617bc9b18801555545b695d29d8ab",
                "sha256:090e24cfa31c926d0b13d8bb2ef48175acdd061ae1413343c94a2b12a4a4fa6f",
                "sha256:0d2c1e172f1c81bafcca703093608e10dc16e3e2d24c5644c17606c7fdb1792c",
                "sha256:0e1e4b7e4bfbf22fecfa5b852f0e499c442d4853b7ebd33ae37cdec9826ed5d8",
                "sha256:204690be60f0ff32eb70b04f28ef0d1e50ffd7b3f77ba06a7dc2389ee3b848e0",
                "sha256:20c604e974832aaf8b7a1f5455ee7274b34df62a35ee095cd7d2ed7e818e6c53",
                "sha256:254ed1f03a6c237fa64f0c6e44862058de65bfa2e6a3b48ca3c205492e0653aa",
                "sha256:296c53b6c0030cf82987eef163444e8d7631cc139d995f9d58679d9fd1ddbf31",
                "sha256:2d8158277c8942c0b20ff4c074fe6a51c5b89e6ac60cef606818de8c92773596",
                "sha256:2fadde1da055944f5e1e17625055f54ddd11f451889110278ef30e07bd5e1695",
                "sha256:30a4bd2481e59bd7ab2539f835b78edc19fc455811e476916f56026b93afd28b",
                "sha256:30f10e79393b411af7677c270ea69807acb9fc30205c8ff25561f4deef780ec1",
                "sha256:33c900d1ca9f622b969ac7d8fc44bdae140a4a6c7d8819413b51f3ccd0586a09",
                "sha256:350b18f9673e63101dbbfcf774ee2f57c20ac4636d255741d76ca79016b1bd82",
                "sha256:35abcf07b8277ec95bbe49a07b5c8760a2d941942ccfe759a94c8d2fe5602e9f",
                "sha256:3b71b399b10b038b056ad12dce1e317a8aa7a96e99de7e4fa2fa5d1c9415cfb9",
                "sha256:3e234e2549e808d9259fdb23ebcfd145be30c638c65118326ec33a8d29248dc2",
                "sha256:4123c8d03167803df31da6b39de167cb9c04ac0aa4e35d4e5aa9d08ad511b84d",
                "sha256:4965f2ebade17166f21a508d66dd60d2a0b3a3b90abe3f72003baa17ae020dd6",
                "sha256:4cd00f2158dc00f7f93a92444d0f663eda124c9c29bbbd658964f4e89c357fe8",
                "sha256:4dc6bbe7cf079db37f1ebb9b0f10d0d7f29e293bb8688e92d50b5ea7a91d82f3",
                "sha256:4e212237b7531759befb92699c452cd65074a78051ae4ee36ff8b237395ecf3d",
                "sha256:53328a8af0806bebbdb48a4191883b11ee9d9dfb084d84f58fa5a8ab58baefc9",
                "sha256:54e34f99b2a8c1e11478541b2822e6408c132b98b6b8f5ed89411e5e906631ea",
                "sha256:5962e70b15e863e72bed6910e8c6ffef77d36cc98e2b31c474378f3b9e49b0e3",
                "sha256:5b4cc896d49ce2bae8d6a030f9a4c64965b59c38acfbf4617685e17f7fcf1731",
                "sha256:609777d3a7a0a23b225e84d967af4ad2485c8bdfcacef8037cf197e87d431ca0",
                "sha256:626a4a6ef4b7ced87c348ea805488e4bd39dad9d0b39659aa9e1040b62bbfedf",
                "sha256:650d03ddddc08b051b4659778733f0f173ca7d327415755c05d265a6c1ba02fb",
                "sha256:6b00df42cdd1a285a64491ba23de08ab14169d3257c840428d40eb7e8e9979af",
                "sha256:7c7d728e1a49ad01d41181e3a9ea80b8d14e825f4679e4dd837cbf7bca7998a5",
                "sha256:7f4a6dfd42ae0a45797f50fc4f6add702abf46ab3e7cd61811a6c6a97a40e1a2",
                "sha256:829c8333195100448a23863cf64a07e1334fae6a275aefe871458937911531b6",
                "sha256:84176bd04ce9f3cc8799b47ec6d1959fa1ea5e71424507df7bbf0b0915bbedef",
                "sha256:877d1c8745df59dd2061a0636c602729e9533ba13f13aa73a498f68662e1cbde",
                "sha256:8abb8915eb2e57fa53d918afe641c05d1bcc6ed1913682ec1f28de71f4e3f398",
                "sha256:8d86651347bbdbac1aca1824696c5e4c0a3b162946c422edcca2be12a03744d1",
                "sha256:93a34e1ca8afa4b7075b02ed14a7e4969256297029fb1bfd4cbe48f7290dbcff",
                "sha256:9e69139f4e60ab14c50767a568612ea64d6907e9c8e0289590a170eb495e005f",
                "sha256:9f29307463eba53747b31f71394ed087e3e3e264dcc433e62de1d51f5c0c966c",
                "sha256:a1cdd01ce45333bc264a218c6e183700d6b998f029233f586a53c9b13455c2d2",
                "sha256:a44d6b9a29b2bff38bb648577b2fcf6a68cf8b1783eee89c2eb749f69494b98d",
                "sha256:a65bc50dc1bc2faeafd9425defbdef6a468974f5c4192497ff7f14adccfdcd32",
                "sha256:aa606675c6bd23478b1d174e2a84e3c5a2c660968f97dc455afe0fae198f9d3d",
                "sha256:bb1165ca9e78823f9ad1efa5b3d83156f868eabd679a615d140a3021bb92cd65",
                "sha256:bc816d8eb3686d6f8d165f4156bac18c1147e1035dc28a76742d0b7fb5b7c032",
                "sha256:c40bdbcb2286f0aeeb5df9ce53d45da2d2a9b36a16b331cd0809d212d22a8fc7",
                "sha256:c85fd2b1cbd9400d60ebe074795bb9a9188752f1612be3b35b0831a24879b91f",
                "sha256:c93634845238645ce7abf63a56b1c5b6248189005c7caff898fd4a0dac1c5e1e",
                "sha256:cec2a67a0a7d9d4399758c0657ca03e5912e37218859cfbf046242cc532bfb3b",
                "sha256:d3355e6f690184f984eeb108b0f5bbc4bcf8b9444f8168933acf79603abf7baf",
                "sha256:e28763e75e380b8be62b02266a7995a781997c97c119efbdccb8fb954bcd7574",
                "sha256:ecee663d2d50ca939fc5db81f2f8a219c2417b4651ad84254c50a03a9cb1aadd",
                "sha256:edae615cb4af51d5173e76ba9aea212424d025c57012e9cdf2f131f774c5ba71",
                "sha256:f42f304c097cc53e9eb5f1a1d150380353d5018a3191f1b77f0de353c762181e",
                "sha256:ff1aef1a03cfe293237c7a86ae9625b0411b2df30c53d1a7f29a8d381f38a1df"
            ],
            "index": "pypi",
            "version": "==3.0.0"
        },
        "distlib": {
            "hashes": [
                "sha256:2e24928bc811348f0feb63014e97aaae3037f2cf48712d51ae61df7fd6075057",
                "sha256:9dafe54b34a028eafd95039d5e5d4851a13734540f1331060d31c9916e7147a8"
            ],
            "version": "==0.3.7"
        },
        "docutils": {
            "hashes": [
                "sha256:96f387a2c5562db4476f09f13bbab2192e764cac08ebbf3a34a95d9b1e4a59d6",
                "sha256:f08a4e276c3a1583a86dce3e34aba3fe04d02bba2dd51ed16106244e8a923e3b"
            ],
            "markers": "python_version >= '3.7'",
            "version": "==0.20.1"
        },
        "ffpyplayer": {
            "hashes": [
                "sha256:15b92ebda56d88e2ba2bbf9ba3388f043b0cd25a3c45cffc105399b539fe63aa",
                "sha256:29580a81541bc7e5871a88113bacd76695f719b708f6830e0bea7292401bd259",
                "sha256:3061f60a9ce1837044fb3f446dc5deee76cf0d37efa31b3254bb994629c2b356",
                "sha256:339dcdfd1382a7b3180e23116fa208d7f45eec971677f4f298e9eee6be6eda95",
                "sha256:429a403b8ea365a29bfb89fa31c230d675094dfadb3423cc12a2cb2ef46c583b",
                "sha256:4d9fb5b44ccb9e1577c8f8ad6c242d6b48e04013c2ab8759a4f1227d7dd9d676",
                "sha256:5c18c087e32cfb50683d22495d13a96858b6834d39fd229900e13e7fa31d4e05",
                "sha256:60e234bdb51def03df4d12fc241398ab4ea6703eb351b44526ff0a3883bc8eb8",
                "sha256:64f11d053be9c569b4b4c6eaa3af571845dddceb1579fe6dd2509f4d38a2ed90",
                "sha256:6b2239ea6d69fbec7e7733834632e9c3c47dc76a9db77e1b2d4b4174c5279bb8",
                "sha256:7294be72af4b1c4a2262d1a851006a2233888958be4c04afb114a9ec8b478d34",
                "sha256:7e1a12cd4736bb1e88acec9c821c0b9911e37a3b328da4773f088713362b23b3",
                "sha256:807314cc92af39a110411cc745ff6ae04583b33fa0f388d99ac0f912202856a3",
                "sha256:86d45d13293dba99e34f45f0193643ae2883739b959d2b9b32ca4bee1ea64639",
                "sha256:9715a683d9c8311b42ea63ff9dabfb538ffa9e984dc0b69f99deb25603ab8e83",
                "sha256:bb480dd7c3799571a36fafabfa65f57ddf5c7aaff7f533aa6475d326d15cc421",
                "sha256:ce81d7a7ba28de5f986abdae093b5a2381a33d0e16976fbe27e3c508e38898df",
                "sha256:d5b88d64fcb572bbd4ae5ed7b8f58d76ded1224f93cb8d4bf10fec46cc2e8d76",
                "sha256:d7da5bf16a70a659c1a801fc1dff18387e327fce187a7d9259ff1f72f2cf4d87",
                "sha256:d958eec584fdfa26950c8387372678e46b34696a533ac4f41de9cf52497676e2",
                "sha256:e4beea77b6bd0442f17152db3f895cc382720550e829bcf7373136f8d7f66ecf",
                "sha256:ed16e435a3743148c9a309ff31ad9c96023f7c6cf170b50be3708f64f1da1d6e",
                "sha256:f51b533c60471ee9c1d7277bbc8714431cba66c972eb743e570aa24f67fa4a03",
                "sha256:fcce3ca0b0360503b9671a5b628c7a9718e647f2cd4dd2ed9d124aafb3a49a8c"
            ],
            "version": "==4.5.0"
        },
        "filelock": {
            "hashes": [
                "sha256:002740518d8aa59a26b0c76e10fb8c6e15eae825d34b6fdf670333fd7b938d81",
                "sha256:cbb791cdea2a72f23da6ac5b5269ab0a0d161e9ef0100e653b69049a7706d1ec"
            ],
            "markers": "python_version >= '3.7'",
            "version": "==3.12.2"
        },
        "idna": {
            "hashes": [
                "sha256:814f528e8dead7d329833b91c5faa87d60bf71824cd12a7530b5526063d02cb4",
                "sha256:90b77e79eaa3eba6de819a0c442c0b4ceefc341a7a2ab77d7562bf49f425c5c2"
            ],
            "markers": "python_version >= '3.5'",
            "version": "==3.4"
        },
        "kivy": {
            "extras": [
                "full"
            ],
            "hashes": [
                "sha256:0454ad509b83f5ee04dd7bb46682f077adcde99d86c206127f2dd57aedd28f5b",
                "sha256:0456359afe01a94d39bb29ce8a8dd9d9dcd86cec6532f17bffb0725647a8d63a",
                "sha256:047a434e8efd32d425321e065fcccf725f165adb0c81ed69dc33c360d4796f7e",
                "sha256:0e8370d529548d360803424f803231ed8ad19c7f4c351aa893fe9d39bcc940fc",
                "sha256:0eb5de5ffea53a341790ff7ba4d3cea60d37523f0766a4783692e2aa1d50670e",
                "sha256:19cd0b0b40046d6233f0a30c8003e1ffe5a135b96ae50a5442bd62ef9d9c6744",
                "sha256:35eb3025a77894380196d5d64852da6c539e72aa2ff4970011385eb7a70c46e0",
                "sha256:37874a7a2a9983ae494910578e2e6a4aba1568b35f915b014d85f779b5add8b9",
                "sha256:42a5e292f232a67bc67dfa91a205aed472dc4df7329ce059c74a88031c652efa",
                "sha256:4915e931cb26efa016956b16a0d04bcc8eb89abcb2734ed718786c30241795bb",
                "sha256:564705e8fbd788dce22dae8dfe0488be705e14381fa59d6bdfa3df5255446429",
                "sha256:5aa8a0ca0708dd6edb0127c91712db7b8aad3aea3a79d498df145b8a7ee0aee6",
                "sha256:6b89bc5add63bf83fd1b026ec4d492ea9c90067b30652c14afe97cd4c30a2b5a",
                "sha256:7eeda699fe764c5efa2cc43e0ef28275be2a56ccd8af17933b6e2457d66d5b0d",
                "sha256:97442522fb58ebf4038f3c57a795046e00a23f7c4dc0775b282af9aff845732a",
                "sha256:9f19ed8efaea7c880ab6342269c41ac47989812cbd036a524abc49ba9923487f",
                "sha256:a6b47a8b5b47d091ac4604635edef7522ddfb9cf47b3f258cccd8ffbf094b429",
                "sha256:a7b8c8725cd1b3575b95f8f8b5d6f804e096af8958156450bb876821fbb2ce37",
                "sha256:af45f433208c16a4d0e755fafac5f2238560880a475a8a041ca9d99695a6b166",
                "sha256:b7bfbc97f66d50d71bcbc5c254e74386d94d7a1fb051448fbc1ba6742c1d1d21",
                "sha256:c932fa9a8ade002ec4468c416bedda4188cda53721be84e4086b278c3b00c654",
                "sha256:d1e9cf59dc3875c943c89d3668a73235c96f4c03680c4691416ccc5d1c7f50f0",
                "sha256:d78a8d92565c6309bb1edc9a0c99883630adc0503dba25f3eb8b667ceb736395",
                "sha256:e317a710e0be3083901d29457fa8a203c14a71b7cef8008e3cdc7d1eb8e4d7c5",
                "sha256:e3df4f6230f4b125c78b1dd923f714e93341afda5b55ae9795df2d6b2c5dbc4d",
                "sha256:f3dcfdce8403dc3df7a8b1a7d424c0939d41bc48a0b627403b685931a609a7ec"
            ],
            "index": "pypi",
            "version": "==2.2.1"
        },
        "kivy-garden": {
            "hashes": [
                "sha256:2b8377378e87501d5d271f33d94f0e44c089884572c64f89c9d609b1f86a2748",
                "sha256:ef50f44b96358cf10ac5665f27a4751bb34ef54051c54b93af891f80afe42929"
            ],
            "version": "==0.1.5"
        },
        "pexpect": {
            "hashes": [
                "sha256:0b48a55dcb3c05f3329815901ea4fc1537514d6ba867a152b581d69ae3710937",
                "sha256:fc65a43959d153d0114afe13997d439c22823a27cefceb5ff35c2178c6784c0c"
            ],
            "version": "==4.8.0"
        },
        "pillow": {
            "hashes": [
                "sha256:048ad577748b9fa4a99a0548c64f2cb8d672d5bf2e643a739ac8faff1164238c",
                "sha256:048eeade4c33fdf7e08da40ef402e748df113fd0b4584e32c4af74fe78baaeb2",
                "sha256:0ba26351b137ca4e0db0342d5d00d2e355eb29372c05afd544ebf47c0956ffeb",
                "sha256:0ea2a783a2bdf2a561808fe4a7a12e9aa3799b701ba305de596bc48b8bdfce9d",
                "sha256:1530e8f3a4b965eb6a7785cf17a426c779333eb62c9a7d1bbcf3ffd5bf77a4aa",
                "sha256:16563993329b79513f59142a6b02055e10514c1a8e86dca8b48a893e33cf91e3",
                "sha256:19aeb96d43902f0a783946a0a87dbdad5c84c936025b8419da0a0cd7724356b1",
                "sha256:1a1d1915db1a4fdb2754b9de292642a39a7fb28f1736699527bb649484fb966a",
                "sha256:1b87bd9d81d179bd8ab871603bd80d8645729939f90b71e62914e816a76fc6bd",
                "sha256:1dfc94946bc60ea375cc39cff0b8da6c7e5f8fcdc1d946beb8da5c216156ddd8",
                "sha256:2034f6759a722da3a3dbd91a81148cf884e91d1b747992ca288ab88c1de15999",
                "sha256:261ddb7ca91fcf71757979534fb4c128448b5b4c55cb6152d280312062f69599",
                "sha256:2ed854e716a89b1afcedea551cd85f2eb2a807613752ab997b9974aaa0d56936",
                "sha256:3102045a10945173d38336f6e71a8dc71bcaeed55c3123ad4af82c52807b9375",
                "sha256:339894035d0ede518b16073bdc2feef4c991ee991a29774b33e515f1d308e08d",
                "sha256:412444afb8c4c7a6cc11a47dade32982439925537e483be7c0ae0cf96c4f6a0b",
                "sha256:4203efca580f0dd6f882ca211f923168548f7ba334c189e9eab1178ab840bf60",
                "sha256:45ebc7b45406febf07fef35d856f0293a92e7417ae7933207e90bf9090b70572",
                "sha256:4b5ec25d8b17217d635f8935dbc1b9aa5907962fae29dff220f2659487891cd3",
                "sha256:4c8e73e99da7db1b4cad7f8d682cf6abad7844da39834c288fbfa394a47bbced",
                "sha256:4e6f7d1c414191c1199f8996d3f2282b9ebea0945693fb67392c75a3a320941f",
                "sha256:4eaa22f0d22b1a7e93ff0a596d57fdede2e550aecffb5a1ef1106aaece48e96b",
                "sha256:50b8eae8f7334ec826d6eeffaeeb00e36b5e24aa0b9df322c247539714c6df19",
                "sha256:50fd3f6b26e3441ae07b7c979309638b72abc1a25da31a81a7fbd9495713ef4f",
                "sha256:51243f1ed5161b9945011a7360e997729776f6e5d7005ba0c6879267d4c5139d",
                "sha256:5d512aafa1d32efa014fa041d38868fda85028e3f930a96f85d49c7d8ddc0383",
                "sha256:5f77cf66e96ae734717d341c145c5949c63180842a545c47a0ce7ae52ca83795",
                "sha256:6b02471b72526ab8a18c39cb7967b72d194ec53c1fd0a70b050565a0f366d355",
                "sha256:6fb1b30043271ec92dc65f6d9f0b7a830c210b8a96423074b15c7bc999975f57",
                "sha256:7161ec49ef0800947dc5570f86568a7bb36fa97dd09e9827dc02b718c5643f09",
                "sha256:72d622d262e463dfb7595202d229f5f3ab4b852289a1cd09650362db23b9eb0b",
                "sha256:74d28c17412d9caa1066f7a31df8403ec23d5268ba46cd0ad2c50fb82ae40462",
                "sha256:78618cdbccaa74d3f88d0ad6cb8ac3007f1a6fa5c6f19af64b55ca170bfa1edf",
                "sha256:793b4e24db2e8742ca6423d3fde8396db336698c55cd34b660663ee9e45ed37f",
                "sha256:798232c92e7665fe82ac085f9d8e8ca98826f8e27859d9a96b41d519ecd2e49a",
                "sha256:81d09caa7b27ef4e61cb7d8fbf1714f5aec1c6b6c5270ee53504981e6e9121ad",
                "sha256:8ab74c06ffdab957d7670c2a5a6e1a70181cd10b727cd788c4dd9005b6a8acd9",
                "sha256:8eb0908e954d093b02a543dc963984d6e99ad2b5e36503d8a0aaf040505f747d",
                "sha256:90b9e29824800e90c84e4022dd5cc16eb2d9605ee13f05d47641eb183cd73d45",
                "sha256:9797a6c8fe16f25749b371c02e2ade0efb51155e767a971c61734b1bf6293994",
                "sha256:9d2455fbf44c914840c793e89aa82d0e1763a14253a000743719ae5946814b2d",
                "sha256:9d3bea1c75f8c53ee4d505c3e67d8c158ad4df0d83170605b50b64025917f338",
                "sha256:9e2ec1e921fd07c7cda7962bad283acc2f2a9ccc1b971ee4b216b75fad6f0463",
                "sha256:9e91179a242bbc99be65e139e30690e081fe6cb91a8e77faf4c409653de39451",
                "sha256:a0eaa93d054751ee9964afa21c06247779b90440ca41d184aeb5d410f20ff591",
                "sha256:a2c405445c79c3f5a124573a051062300936b0281fee57637e706453e452746c",
                "sha256:aa7e402ce11f0885305bfb6afb3434b3cd8f53b563ac065452d9d5654c7b86fd",
                "sha256:aff76a55a8aa8364d25400a210a65ff59d0168e0b4285ba6bf2bd83cf675ba32",
                "sha256:b09b86b27a064c9624d0a6c54da01c1beaf5b6cadfa609cf63789b1d08a797b9",
                "sha256:b14f16f94cbc61215115b9b1236f9c18403c15dd3c52cf629072afa9d54c1cbf",
                "sha256:b50811d664d392f02f7761621303eba9d1b056fb1868c8cdf4231279645c25f5",
                "sha256:b7bc2176354defba3edc2b9a777744462da2f8e921fbaf61e52acb95bafa9828",
                "sha256:c78e1b00a87ce43bb37642c0812315b411e856a905d58d597750eb79802aaaa3",
                "sha256:c83341b89884e2b2e55886e8fbbf37c3fa5efd6c8907124aeb72f285ae5696e5",
                "sha256:ca2870d5d10d8726a27396d3ca4cf7976cec0f3cb706debe88e3a5bd4610f7d2",
                "sha256:ccce24b7ad89adb5a1e34a6ba96ac2530046763912806ad4c247356a8f33a67b",
                "sha256:cd5e14fbf22a87321b24c88669aad3a51ec052eb145315b3da3b7e3cc105b9a2",
                "sha256:ce49c67f4ea0609933d01c0731b34b8695a7a748d6c8d186f95e7d085d2fe475",
                "sha256:d33891be6df59d93df4d846640f0e46f1a807339f09e79a8040bc887bdcd7ed3",
                "sha256:d3b2348a78bc939b4fed6552abfd2e7988e0f81443ef3911a4b8498ca084f6eb",
                "sha256:d886f5d353333b4771d21267c7ecc75b710f1a73d72d03ca06df49b09015a9ef",
                "sha256:d93480005693d247f8346bc8ee28c72a2191bdf1f6b5db469c096c0c867ac015",
                "sha256:dc1a390a82755a8c26c9964d457d4c9cbec5405896cba94cf51f36ea0d855002",
                "sha256:dd78700f5788ae180b5ee8902c6aea5a5726bac7c364b202b4b3e3ba2d293170",
                "sha256:e46f38133e5a060d46bd630faa4d9fa0202377495df1f068a8299fd78c84de84",
                "sha256:e4b878386c4bf293578b48fc570b84ecfe477d3b77ba39a6e87150af77f40c57",
                "sha256:f0d0591a0aeaefdaf9a5e545e7485f89910c977087e7de2b6c388aec32011e9f",
                "sha256:fdcbb4068117dfd9ce0138d068ac512843c52295ed996ae6dd1faf537b6dbc27",
                "sha256:ff61bfd9253c3915e6d41c651d5f962da23eda633cf02262990094a18a55371a"
            ],
            "index": "pypi",
            "markers": "python_version >= '3.8'",
            "version": "==10.3.0"
        },
        "platformdirs": {
            "hashes": [
                "sha256:1b42b450ad933e981d56e59f1b97495428c9bd60698baab9f3eb3d00d5822421",
                "sha256:ad8291ae0ae5072f66c16945166cb11c63394c7a3ad1b1bc9828ca3162da8c2f"
            ],
            "markers": "python_version >= '3.7'",
            "version": "==3.9.1"
        },
        "ptyprocess": {
            "hashes": [
                "sha256:4b41f3967fce3af57cc7e94b888626c18bf37a083e3651ca8feeb66d492fef35",
                "sha256:5c5d0a3b48ceee0b48485e0c26037c0acd7d29765ca3fbb5cb3831d347423220"
            ],
            "version": "==0.7.0"
        },
        "pygments": {
            "hashes": [
                "sha256:8ace4d3c1dd481894b2005f560ead0f9f19ee64fe983366be1a21e171d12775c",
                "sha256:db2db3deb4b4179f399a09054b023b6a586b76499d36965813c71aa8ed7b5fd1"
            ],
            "markers": "python_version >= '3.7'",
            "version": "==2.15.1"
        },
        "requests": {
            "hashes": [
                "sha256:58cd2187c01e70e6e26505bca751777aa9f2ee0b7f4300988b709f44e013003f",
                "sha256:942c5a758f98d790eaed1a29cb6eefc7ffb0d1cf7af05c3d2791656dbd6ad1e1"
            ],
            "markers": "python_version >= '3.7'",
            "version": "==2.31.0"
        },
        "sh": {
            "hashes": [
                "sha256:14265a4cd1622429edcf300292ec98193530fb143fe642b3437024eca9bee8c5",
                "sha256:a18920f0839991bc9dfddb6dcc006c360b1064ba96257359f0ea356e9fa75a60"
            ],
            "markers": "python_version < '4.0' and python_full_version >= '3.8.1'",
            "version": "==2.0.4"
        },
        "urllib3": {
            "hashes": [
                "sha256:8d22f86aae8ef5e410d4f539fde9ce6b2113a001bb4d189e0aed70642d602b11",
                "sha256:de7df1803967d2c2a98e4b11bb7d6bd9210474c46e8a0401514e3a42a75ebde4"
            ],
            "markers": "python_version >= '3.7'",
            "version": "==2.0.4"
        },
        "virtualenv": {
            "hashes": [
                "sha256:43a3052be36080548bdee0b42919c88072037d50d56c28bd3f853cbe92b953ff",
                "sha256:fd8a78f46f6b99a67b7ec5cf73f92357891a7b3a40fd97637c27f854aae3b9e0"
            ],
            "markers": "python_version >= '3.7'",
            "version": "==20.24.2"
        }
    },
    "develop": {}
}
